PODS:
  - MGJRouter (0.9.3)
  - SVProgressHUD (2.2.5)

DEPENDENCIES:
  - MGJRouter (~> 0.9.0)
  - SVProgressHUD

SPEC REPOS:
  https://github.com/cocoapods/specs.git:
    - MGJRouter
    - SVProgressHUD

SPEC CHECKSUMS:
  MGJRouter: f65821e2aeffc8f9e84b254c8f1c0dd80f048aa9
  SVProgressHUD: 1428aafac632c1f86f62aa4243ec12008d7a51d6

PODFILE CHECKSUM: e61552ad21832a52e9517949f675eb6d61a7e907

COCOAPODS: 1.6.1
